
Microsoft Visual Studio Solution File, Format Version 12.00
# Visual Studio Version 17
VisualStudioVersion = 17.14.36414.22 d17.14
MinimumVisualStudioVersion = 10.0.40219.1
Project("{F184B08F-C81C-45F6-A57F-5ABD9991F28F}") = "InformationSystem", "InformationSystem\InformationSystem.vbproj", "{5F2F7043-D755-492B-95C1-2CB957DF9D29}"
EndProject
Global
	GlobalSection(SolutionConfigurationPlatforms) = preSolution
		Debug|Any CPU = Debug|Any CPU
		Release|Any CPU = Release|Any CPU
	EndGlobalSection
	GlobalSection(ProjectConfigurationPlatforms) = postSolution
		{5F2F7043-D755-492B-95C1-2CB957DF9D29}.Debug|Any CPU.ActiveCfg = Debug|Any CPU
		{5F2F7043-D755-492B-95C1-2CB957DF9D29}.Debug|Any CPU.Build.0 = Debug|Any CPU
		{5F2F7043-D755-492B-95C1-2CB957DF9D29}.Release|Any CPU.ActiveCfg = Release|Any CPU
		{5F2F7043-D755-492B-95C1-2CB957DF9D29}.Release|Any CPU.Build.0 = Release|Any CPU
	EndGlobalSection
	GlobalSection(SolutionProperties) = preSolution
		HideSolutionNode = FALSE
	EndGlobalSection
	GlobalSection(ExtensibilityGlobals) = postSolution
		SolutionGuid = {234E795A-DACD-4DC3-BA4E-232124EE246B}
	EndGlobalSection
EndGlobal
